{
    "name": "ilpn-components",
    "version": "0.1.0",
    "lockfileVersion": 1,
    "requires": true,
    "dependencies": {
        "@angular/flex-layout": {
            "version": "13.0.0-beta.38",
            "resolved": "https://registry.npmjs.org/@angular/flex-layout/-/flex-layout-13.0.0-beta.38.tgz",
            "integrity": "sha512-kcWb7CcoHbvw7fjo/knizWVmSSmvaTnr8v1ML6zOdxu1PK9UPPOcOS8RTm6fy61zoC2LABivP1/6Z2jF5XfpdQ==",
            "requires": {
                "tslib": "^2.3.0"
            }
        },
        "tslib": {
            "version": "2.4.0",
            "resolved": "https://registry.npmjs.org/tslib/-/tslib-2.4.0.tgz",
            "integrity": "sha512-d6xOpEDfsi2CZVlPQzGeux8XMwLT9hssAsaPYExaQMuYskwb+x1x7J371tWlbBdWHroy99KnVB6qIkUbs5X3UQ=="
        }
    }
}
